{
  "name": "@toast-ui/toastmark",
  "version": "0.0.1-alpha.1",
  "lockfileVersion": 3,
  "requires": true,
  "packages": {
    "": {
      "name": "@toast-ui/toastmark",
      "version": "0.0.1-alpha.1",
      "license": "MIT",
      "dependencies": {
        "@toast-ui/toastmark": "file:"
      },
      "devDependencies": {
        "@types/codemirror": "5.60.5",
        "@types/mdurl": "^1.0.2",
        "codemirror": "^5.51.0",
        "entities": "^2.0.0",
        "mdurl": "^1.0.1"
      }
    },
    "node_modules/@toast-ui/toastmark": {
      "resolved": "",
      "link": true
    },
    "node_modules/@types/codemirror": {
      "version": "5.60.5",
      "resolved": "https://mirrors.cloud.tencent.com/npm/@types/codemirror/-/codemirror-5.60.5.tgz",
      "integrity": "sha512-TiECZmm8St5YxjFUp64LK0c8WU5bxMDt9YaAek1UqUb9swrSCoJhh92fWu1p3mTEqlHjhB5sY7OFBhWroJXZVg==",
      "dev": true,
      "license": "MIT",
      "dependencies": {
        "@types/tern": "*"
      }
    },
    "node_modules/@types/estree": {
      "version": "1.0.5",
      "resolved": "https://mirrors.cloud.tencent.com/npm/@types/estree/-/estree-1.0.5.tgz",
      "integrity": "sha512-/kYRxGDLWzHOB7q+wtSUQlFrtcdUccpfy+X+9iMBpHK8QLLhx2wIPYuS5DYtR9Wa/YlZAbIovy7qVdB1Aq6Lyw==",
      "dev": true,
      "license": "MIT"
    },
    "node_modules/@types/mdurl": {
      "version": "1.0.5",
      "resolved": "https://mirrors.cloud.tencent.com/npm/@types/mdurl/-/mdurl-1.0.5.tgz",
      "integrity": "sha512-6L6VymKTzYSrEf4Nev4Xa1LCHKrlTlYCBMTlQKFuddo1CvQcE52I0mwfOJayueUC7MJuXOeHTcIU683lzd0cUA==",
      "dev": true,
      "license": "MIT"
    },
    "node_modules/@types/tern": {
      "version": "0.23.9",
      "resolved": "https://mirrors.cloud.tencent.com/npm/@types/tern/-/tern-0.23.9.tgz",
      "integrity": "sha512-ypzHFE/wBzh+BlH6rrBgS5I/Z7RD21pGhZ2rltb/+ZrVM1awdZwjx7hE5XfuYgHWk9uvV5HLZN3SloevCAp3Bw==",
      "dev": true,
      "license": "MIT",
      "dependencies": {
        "@types/estree": "*"
      }
    },
    "node_modules/codemirror": {
      "version": "5.65.17",
      "resolved": "https://mirrors.cloud.tencent.com/npm/codemirror/-/codemirror-5.65.17.tgz",
      "integrity": "sha512-1zOsUx3lzAOu/gnMAZkQ9kpIHcPYOc9y1Fbm2UVk5UBPkdq380nhkelG0qUwm1f7wPvTbndu9ZYlug35EwAZRQ==",
      "dev": true,
      "license": "MIT"
    },
    "node_modules/entities": {
      "version": "2.2.0",
      "dev": true,
      "license": "BSD-2-Clause",
      "funding": {
        "url": "https://github.com/fb55/entities?sponsor=1"
      }
    },
    "node_modules/mdurl": {
      "version": "1.0.1",
      "resolved": "https://mirrors.cloud.tencent.com/npm/mdurl/-/mdurl-1.0.1.tgz",
      "integrity": "sha512-/sKlQJCBYVY9Ers9hqzKou4H6V5UWc/M59TH2dvkt+84itfnq7uFOMLpOiOS4ujvHP4etln18fmIxA5R5fll0g==",
      "dev": true,
      "license": "MIT"
    }
  }
}
