{
  "name": "@toast-ui/editor-plugin-table-merged-cell",
  "version": "3.1.0",
  "lockfileVersion": 3,
  "requires": true,
  "packages": {
    "": {
      "name": "@toast-ui/editor-plugin-table-merged-cell",
      "version": "3.1.0",
      "license": "MIT",
      "dependencies": {
        "@toast-ui/editor-plugin-table-merged-cell": "file:"
      }
    },
    "node_modules/@toast-ui/editor-plugin-table-merged-cell": {
      "resolved": "",
      "link": true
    }
  }
}
