{
    "name": "codemirror",
    "version": "5.0.0",
    "lockfileVersion": 3,
    "requires": true,
    "packages": {
        "": {
            "name": "codemirror",
            "version": "5.0.0",
            "dependencies": {
                "codemirror": "file:"
            },
            "devDependencies": {
                "blint": ">=0.1.1",
                "node-static": "0.6.0",
                "phantomjs": "1.9.2-5"
            }
        },
        "node_modules/abbrev": {
            "version": "1.1.1",
            "resolved": "https://mirrors.cloud.tencent.com/npm/abbrev/-/abbrev-1.1.1.tgz",
            "integrity": "sha512-nne9/IiQ/hzIhY6pdDnbBtz7DjPTKrY00P/zvPSm5pOFkl6xuGrGnXn/VtTNNfNtAfZ9/1RtehkszU9qcTii0Q==",
            "dev": true,
            "license": "ISC"
        },
        "node_modules/acorn": {
            "version": "7.4.1",
            "resolved": "https://mirrors.cloud.tencent.com/npm/acorn/-/acorn-7.4.1.tgz",
            "integrity": "sha512-nQyp0o1/mNdbTO1PO6kHkwSrmgZ0MT/jCCpNiwbUjGoRN4dlBhqJtoQuCnEOKzgTVwg0ZWiCoQy6SxMebQVh8A==",
            "dev": true,
            "license": "MIT",
            "bin": {
                "acorn": "bin/acorn"
            },
            "engines": {
                "node": ">=0.4.0"
            }
        },
        "node_modules/acorn-walk": {
            "version": "7.2.0",
            "resolved": "https://mirrors.cloud.tencent.com/npm/acorn-walk/-/acorn-walk-7.2.0.tgz",
            "integrity": "sha512-OPdCF6GsMIP+Az+aWfAAOEt2/+iVDKE7oy6lJ098aoe59oAmK76qV6Gw60SbZ8jHuG2wH058GF4pLFbYamYrVA==",
            "dev": true,
            "license": "MIT",
            "engines": {
                "node": ">=0.4.0"
            }
        },
        "node_modules/adm-zip": {
            "version": "0.2.1",
            "resolved": "https://mirrors.cloud.tencent.com/npm/adm-zip/-/adm-zip-0.2.1.tgz",
            "integrity": "sha512-J2LiZpRxcLsJm2IwoekNa6COwzEZnMwCJ3vxz0UCw2NYUH2WFi7svuDrVccq5KpBGmzGUgFa0L0FwEmKmu/rzQ==",
            "dev": true,
            "engines": {
                "node": ">=0.3.0"
            }
        },
        "node_modules/blint": {
            "version": "1.1.2",
            "resolved": "https://mirrors.cloud.tencent.com/npm/blint/-/blint-1.1.2.tgz",
            "integrity": "sha512-ZHeKCYLLn+vP4W7BGYHG0VOLAvhrsiDXtC/EfWO7d2gM54ijfzlDk7ZITfe3KVgUt2G+uaUw5MfVP146qxr+sQ==",
            "dev": true,
            "dependencies": {
                "acorn": "^7.0.0",
                "acorn-walk": "^7.0.0",
                "commander": "^8.3.0"
            },
            "bin": {
                "blint": "bin/blint"
            },
            "engines": {
                "node": ">=0.4.0"
            }
        },
        "node_modules/codemirror": {
            "resolved": "",
            "link": true
        },
        "node_modules/commander": {
            "version": "8.3.0",
            "resolved": "https://mirrors.cloud.tencent.com/npm/commander/-/commander-8.3.0.tgz",
            "integrity": "sha512-OkTL9umf+He2DZkUq8f8J9of7yL6RJKI24dVITBmNfZBmri9zYZQrKkuXiKhyfPSu8tUhnVBB1iKXevvnlR4Ww==",
            "dev": true,
            "license": "MIT",
            "engines": {
                "node": ">= 12"
            }
        },
        "node_modules/config-chain": {
            "version": "1.1.13",
            "resolved": "https://mirrors.cloud.tencent.com/npm/config-chain/-/config-chain-1.1.13.tgz",
            "integrity": "sha512-qj+f8APARXHrM0hraqXYb2/bOVSV4PvJQlNZ/DVj0QrmNM2q2euizkeuVckQ57J+W0mRH6Hvi+k50M4Jul2VRQ==",
            "dev": true,
            "license": "MIT",
            "dependencies": {
                "ini": "^1.3.4",
                "proto-list": "~1.2.1"
            }
        },
        "node_modules/config-chain/node_modules/ini": {
            "version": "1.3.8",
            "resolved": "https://mirrors.cloud.tencent.com/npm/ini/-/ini-1.3.8.tgz",
            "integrity": "sha512-JV/yugV2uzW5iMRSiZAyDtQd+nxtUnjeLt0acNdw98kKLrvuRVyB80tsREOE7yvGVgalhZ6RNXCmEHkUKBKxew==",
            "dev": true,
            "license": "ISC"
        },
        "node_modules/inherits": {
            "version": "1.0.2",
            "resolved": "https://mirrors.cloud.tencent.com/npm/inherits/-/inherits-1.0.2.tgz",
            "integrity": "sha512-Al67oatbRSo3RV5hRqIoln6Y5yMVbJSIn4jEJNL7VCImzq/kLr7vvb6sFRJXqr8rpHc/2kJOM+y0sPKN47VdzA==",
            "dev": true
        },
        "node_modules/ini": {
            "version": "1.1.0",
            "resolved": "https://mirrors.cloud.tencent.com/npm/ini/-/ini-1.1.0.tgz",
            "integrity": "sha512-B6L/jfyFRcG2dqKiHggWnfby52Iy07iabE4F6srQAr/OmVKBRE5uU+B5MQ+nQ7NiYnjz93gENh1GhqHzpDgHgA==",
            "deprecated": "Please update to ini >=1.3.6 to avoid a prototype pollution issue",
            "dev": true,
            "engines": {
                "node": "*"
            }
        },
        "node_modules/kew": {
            "version": "0.1.7",
            "resolved": "https://mirrors.cloud.tencent.com/npm/kew/-/kew-0.1.7.tgz",
            "integrity": "sha512-TQRJfHoVm4f2exuRqjcpURhzGcC4GEIPyiLquo4mBfz0JgsVg19VeyTmKp6RKSOIhHQ6F4SgEhsnUlBduGV9Yw==",
            "dev": true
        },
        "node_modules/mkdirp": {
            "version": "0.3.5",
            "resolved": "https://mirrors.cloud.tencent.com/npm/mkdirp/-/mkdirp-0.3.5.tgz",
            "integrity": "sha512-8OCq0De/h9ZxseqzCH8Kw/Filf5pF/vMI6+BH7Lu0jXz2pqYCjTAQRolSxRIi+Ax+oCCjlxoJMP0YQ4XlrQNHg==",
            "deprecated": "Legacy versions of mkdirp are no longer supported. Please update to mkdirp 1.x. (Note that the API surface has changed to use Promises in 1.x.)",
            "dev": true,
            "license": "MIT"
        },
        "node_modules/ncp": {
            "version": "0.4.2",
            "resolved": "https://mirrors.cloud.tencent.com/npm/ncp/-/ncp-0.4.2.tgz",
            "integrity": "sha512-PfGU8jYWdRl4FqJfCy0IzbkGyFHntfWygZg46nFk/dJD/XRrk2cj0SsKSX9n5u5gE0E0YfEpKWrEkfjnlZSTXA==",
            "dev": true,
            "license": "MIT",
            "bin": {
                "ncp": "bin/ncp"
            }
        },
        "node_modules/node-static": {
            "version": "0.6.0",
            "resolved": "https://mirrors.cloud.tencent.com/npm/node-static/-/node-static-0.6.0.tgz",
            "integrity": "sha512-NsgY7tiTsyeuIyC+thAhAcdhP9fuDKoONSOtHhXKimgw8KeYjeqyRxwEmvig86simJ+8eWCXlelz953bKJol5g==",
            "dev": true,
            "license": "MIT",
            "engines": {
                "node": ">= 0.4.1"
            }
        },
        "node_modules/nopt": {
            "version": "2.2.1",
            "resolved": "https://mirrors.cloud.tencent.com/npm/nopt/-/nopt-2.2.1.tgz",
            "integrity": "sha512-gIOTA/uJuhPwFqp+spY7VQ1satbnGlD+iQVZxI18K6hs8Evq4sX81Ml7BB5byP/LsbR2yBVtmvdEmhi7evJ6Aw==",
            "dev": true,
            "license": "MIT",
            "dependencies": {
                "abbrev": "1"
            },
            "bin": {
                "nopt": "bin/nopt.js"
            }
        },
        "node_modules/npmconf": {
            "version": "0.0.24",
            "resolved": "https://mirrors.cloud.tencent.com/npm/npmconf/-/npmconf-0.0.24.tgz",
            "integrity": "sha512-LX0bX+RmuBuEITg26i7+dx+d9cfYU+giB7eOiSkT5IwvuAzzIx02u4GXwSC3jsQMDMb/kXC57R8tybRSVYfbWw==",
            "deprecated": "this package has been reintegrated into npm and is now out of date with respect to npm",
            "dev": true,
            "license": "BSD",
            "dependencies": {
                "config-chain": "~1.1.1",
                "inherits": "~1.0.0",
                "ini": "~1.1.0",
                "mkdirp": "~0.3.3",
                "nopt": "2",
                "once": "~1.1.1",
                "osenv": "0.0.3",
                "semver": "~1.1.0"
            }
        },
        "node_modules/once": {
            "version": "1.1.1",
            "resolved": "https://mirrors.cloud.tencent.com/npm/once/-/once-1.1.1.tgz",
            "integrity": "sha512-frdJr++QKEg4+JylTX+NNLgSoO6M2pDNYOOXe4WGIYKKBADBI9nU3oa06y4D4FpAJ3obAsjExeBOnscYJB9Blw==",
            "dev": true,
            "license": "BSD"
        },
        "node_modules/osenv": {
            "version": "0.0.3",
            "resolved": "https://mirrors.cloud.tencent.com/npm/osenv/-/osenv-0.0.3.tgz",
            "integrity": "sha512-VBk1bfdaO4gh3OWO8LBuDY2alp0buL8YzQ6t13xyc8PQPrnUg5AgQvINQx3UkS4dom8UGCL597q4Y2+M4TPvmw==",
            "dev": true,
            "license": "BSD"
        },
        "node_modules/phantomjs": {
            "version": "1.9.2-5",
            "resolved": "https://mirrors.cloud.tencent.com/npm/phantomjs/-/phantomjs-1.9.2-5.tgz",
            "integrity": "sha512-ctfrFZClIRwrOxKmsYctehM/IAu6nQY1mqmX2o/MVtwrKGVfMex2g2KPRchksZp8EMAzmznGA3vqjpLvN3/yMA==",
            "dev": true,
            "hasInstallScript": true,
            "dependencies": {
                "adm-zip": "0.2.1",
                "kew": "~0.1.7",
                "mkdirp": "0.3.5",
                "ncp": "0.4.2",
                "npmconf": "0.0.24",
                "rimraf": "~2.2.2",
                "which": "~1.0.5"
            },
            "bin": {
                "phantomjs": "bin/phantomjs"
            }
        },
        "node_modules/proto-list": {
            "version": "1.2.4",
            "resolved": "https://mirrors.cloud.tencent.com/npm/proto-list/-/proto-list-1.2.4.tgz",
            "integrity": "sha512-vtK/94akxsTMhe0/cbfpR+syPuszcuwhqVjJq26CuNDgFGj682oRBXOP5MJpv2r7JtE8MsiepGIqvvOTBwn2vA==",
            "dev": true,
            "license": "ISC"
        },
        "node_modules/rimraf": {
            "version": "2.2.8",
            "resolved": "https://mirrors.cloud.tencent.com/npm/rimraf/-/rimraf-2.2.8.tgz",
            "integrity": "sha512-R5KMKHnPAQaZMqLOsyuyUmcIjSeDm+73eoqQpaXA7AZ22BL+6C+1mcUscgOsNd8WVlJuvlgAPsegcx7pjlV0Dg==",
            "dev": true,
            "license": "MIT",
            "bin": {
                "rimraf": "bin.js"
            }
        },
        "node_modules/semver": {
            "version": "1.1.4",
            "resolved": "https://mirrors.cloud.tencent.com/npm/semver/-/semver-1.1.4.tgz",
            "integrity": "sha512-9causpLEkYDrfTz7cprleLz9dnlb0oKsKRHl33K92wJmXLhVc2dGlrQGJT/sjtLOAyuoQZl+ClI77+lnvzPSKg==",
            "dev": true,
            "license": "MIT",
            "bin": {
                "semver": "bin/semver"
            }
        },
        "node_modules/which": {
            "version": "1.0.9",
            "resolved": "https://mirrors.cloud.tencent.com/npm/which/-/which-1.0.9.tgz",
            "integrity": "sha512-E87fdQ/eRJr9W1X4wTPejNy9zTW3FI2vpCZSJ/HAY+TkjKVC0TUm1jk6vn2Z7qay0DQy0+RBGdXxj+RmmiGZKQ==",
            "dev": true,
            "license": "ISC",
            "bin": {
                "which": "bin/which"
            }
        }
    }
}
